
Microsoft Visual Studio Solution File, Format Version 12.00
# Visual Studio 15
VisualStudioVersion = 15.0.28010.2036
MinimumVisualStudioVersion = 10.0.40219.1
Project("{DA7A21FA-8162-4350-AD77-A8D1B671F3ED}") = "Spec", "Spec\Spec.rxproj", "{5C5B979C-48E1-40C7-BA20-87E1D65B6F2B}"
EndProject
Global
	GlobalSection(SolutionConfigurationPlatforms) = preSolution
		Debug|Any CPU = Debug|Any CPU
		Release|Any CPU = Release|Any CPU
	EndGlobalSection
	GlobalSection(ProjectConfigurationPlatforms) = postSolution
		{5C5B979C-48E1-40C7-BA20-87E1D65B6F2B}.Debug|Any CPU.ActiveCfg = Debug|Any CPU
		{5C5B979C-48E1-40C7-BA20-87E1D65B6F2B}.Debug|Any CPU.Build.0 = Debug|Any CPU
		{5C5B979C-48E1-40C7-BA20-87E1D65B6F2B}.Release|Any CPU.ActiveCfg = Release|Any CPU
		{5C5B979C-48E1-40C7-BA20-87E1D65B6F2B}.Release|Any CPU.Build.0 = Release|Any CPU
	EndGlobalSection
	GlobalSection(SolutionProperties) = preSolution
		HideSolutionNode = FALSE
	EndGlobalSection
	GlobalSection(ExtensibilityGlobals) = postSolution
		SolutionGuid = {D5B06BA5-5233-489D-BC9B-CB798B6E8A08}
	EndGlobalSection
EndGlobal
